
Microsoft Visual Studio Solution File, Format Version 12.00
# Visual Studio 15
VisualStudioVersion = 15.0.28010.2046
MinimumVisualStudioVersion = 10.0.40219.1
Project("{FAE04EC0-301F-11D3-BF4B-00C04F79EFBC}") = "NSegmentDisplayTester", "NSegmentDisplayTester\NSegmentDisplayTester.csproj", "{0249150D-64AF-40C3-9FD2-FF7B6C8E9FFB}"
EndProject
Project("{FAE04EC0-301F-11D3-BF4B-00C04F79EFBC}") = "NSegmentDisplay", "NSegmentDisplay\NSegmentDisplay.csproj", "{543C9067-0CC4-46C4-9EB6-74EB754F4E74}"
EndProject
Global
	GlobalSection(SolutionConfigurationPlatforms) = preSolution
		Debug|Any CPU = Debug|Any CPU
		Release|Any CPU = Release|Any CPU
	EndGlobalSection
	GlobalSection(ProjectConfigurationPlatforms) = postSolution
		{0249150D-64AF-40C3-9FD2-FF7B6C8E9FFB}.Debug|Any CPU.ActiveCfg = Debug|Any CPU
		{0249150D-64AF-40C3-9FD2-FF7B6C8E9FFB}.Debug|Any CPU.Build.0 = Debug|Any CPU
		{0249150D-64AF-40C3-9FD2-FF7B6C8E9FFB}.Release|Any CPU.ActiveCfg = Release|Any CPU
		{0249150D-64AF-40C3-9FD2-FF7B6C8E9FFB}.Release|Any CPU.Build.0 = Release|Any CPU
		{543C9067-0CC4-46C4-9EB6-74EB754F4E74}.Debug|Any CPU.ActiveCfg = Debug|Any CPU
		{543C9067-0CC4-46C4-9EB6-74EB754F4E74}.Debug|Any CPU.Build.0 = Debug|Any CPU
		{543C9067-0CC4-46C4-9EB6-74EB754F4E74}.Release|Any CPU.ActiveCfg = Release|Any CPU
		{543C9067-0CC4-46C4-9EB6-74EB754F4E74}.Release|Any CPU.Build.0 = Release|Any CPU
	EndGlobalSection
	GlobalSection(SolutionProperties) = preSolution
		HideSolutionNode = FALSE
	EndGlobalSection
	GlobalSection(ExtensibilityGlobals) = postSolution
		SolutionGuid = {E8DF6440-9F33-4705-9140-8AFFC46B3AB0}
	EndGlobalSection
EndGlobal
